{
  "name": "awry",
  "lockfileVersion": 3,
  "requires": true,
  "packages": {
    "": {
      "name": "awry",
      "dependencies": {
        "number-to-words": "^1.2.4",
        "string": "^3.3.3"
      },
      "devDependencies": {
        "@types/number-to-words": "^1.2.1",
        "@types/string": "^0.0.32",
        "bun-types": "latest"
      },
      "peerDependencies": {
        "typescript": "^5.0.0"
      }
    },
    "node_modules/@types/number-to-words": {
      "version": "1.2.1",
      "resolved": "https://registry.npmjs.org/@types/number-to-words/-/number-to-words-1.2.1.tgz",
      "integrity": "sha512-lwZhIftZ9f9NR6zfhgsH3lfRcmE/vpLSuGzKPQI7ypbVscoEWXMjp3dyC1xaPfolQZSqXszUwTtauMsS30OnWw==",
      "dev": true
    },
    "node_modules/@types/string": {
      "version": "0.0.32",
      "resolved": "https://registry.npmjs.org/@types/string/-/string-0.0.32.tgz",
      "integrity": "sha512-WV5shMhQ8/OeJXWTeZzn5q0Tssztot/7Y1uLgDrlHNwIaIpWA2/XBTtlcHpMNRD2MU/BBE3OOtsce21LH99Sag==",
      "dev": true
    },
    "node_modules/bun-types": {
      "version": "1.0.3",
      "resolved": "https://registry.npmjs.org/bun-types/-/bun-types-1.0.3.tgz",
      "integrity": "sha512-XlyKVdYCHa7K5PHYGcwOVOrGE/bMnLS51y7zFA3ZAAXyiQ6dTaNXNCWTTufgII/6ruN770uhAXphQmzvU/r2fQ==",
      "dev": true
    },
    "node_modules/number-to-words": {
      "version": "1.2.4",
      "license": "MIT"
    },
    "node_modules/string": {
      "version": "3.3.3",
      "license": "MIT"
    },
    "node_modules/typescript": {
      "version": "5.2.2",
      "resolved": "https://registry.npmjs.org/typescript/-/typescript-5.2.2.tgz",
      "integrity": "sha512-mI4WrpHsbCIcwT9cF4FZvr80QUeKvsUsUvKDoR+X/7XHQH98xYD8YHZg7ANtz2GtZt/CBq2QJ0thkGJMHfqc1w==",
      "peer": true,
      "bin": {
        "tsc": "bin/tsc",
        "tsserver": "bin/tsserver"
      },
      "engines": {
        "node": ">=14.17"
      }
    }
  }
}
